
Microsoft Visual Studio Solution File, Format Version 12.00
# Visual Studio Version 17
VisualStudioVersion = 17.9.34728.123
MinimumVisualStudioVersion = 10.0.40219.1
Project("{FAE04EC0-301F-11D3-BF4B-00C04F79EFBC}") = "CommandDemo", "CommandDemo\CommandDemo.csproj", "{9D353748-B40A-4B47-81C2-2F70FC99E00D}"
EndProject
Global
	GlobalSection(SolutionConfigurationPlatforms) = preSolution
		Debug|Any CPU = Debug|Any CPU
		Release|Any CPU = Release|Any CPU
	EndGlobalSection
	GlobalSection(ProjectConfigurationPlatforms) = postSolution
		{9D353748-B40A-4B47-81C2-2F70FC99E00D}.Debug|Any CPU.ActiveCfg = Debug|Any CPU
		{9D353748-B40A-4B47-81C2-2F70FC99E00D}.Debug|Any CPU.Build.0 = Debug|Any CPU
		{9D353748-B40A-4B47-81C2-2F70FC99E00D}.Release|Any CPU.ActiveCfg = Release|Any CPU
		{9D353748-B40A-4B47-81C2-2F70FC99E00D}.Release|Any CPU.Build.0 = Release|Any CPU
	EndGlobalSection
	GlobalSection(SolutionProperties) = preSolution
		HideSolutionNode = FALSE
	EndGlobalSection
	GlobalSection(ExtensibilityGlobals) = postSolution
		SolutionGuid = {11CFB6D1-5431-4B12-9111-C001FC5BC27C}
	EndGlobalSection
EndGlobal
