
Microsoft Visual Studio Solution File, Format Version 12.00
# Visual Studio Version 17
VisualStudioVersion = 17.9.34728.123
MinimumVisualStudioVersion = 10.0.40219.1
Project("{FAE04EC0-301F-11D3-BF4B-00C04F79EFBC}") = "CommandProcessorDemo", "CommandProcessorDemo\CommandProcessorDemo.csproj", "{574D5FDE-2A5C-405C-9660-F0F6C492E1BE}"
EndProject
Global
	GlobalSection(SolutionConfigurationPlatforms) = preSolution
		Debug|Any CPU = Debug|Any CPU
		Release|Any CPU = Release|Any CPU
	EndGlobalSection
	GlobalSection(ProjectConfigurationPlatforms) = postSolution
		{574D5FDE-2A5C-405C-9660-F0F6C492E1BE}.Debug|Any CPU.ActiveCfg = Debug|Any CPU
		{574D5FDE-2A5C-405C-9660-F0F6C492E1BE}.Debug|Any CPU.Build.0 = Debug|Any CPU
		{574D5FDE-2A5C-405C-9660-F0F6C492E1BE}.Release|Any CPU.ActiveCfg = Release|Any CPU
		{574D5FDE-2A5C-405C-9660-F0F6C492E1BE}.Release|Any CPU.Build.0 = Release|Any CPU
	EndGlobalSection
	GlobalSection(SolutionProperties) = preSolution
		HideSolutionNode = FALSE
	EndGlobalSection
	GlobalSection(ExtensibilityGlobals) = postSolution
		SolutionGuid = {FE9FCA26-E776-4DE5-9942-50031DA1AD26}
	EndGlobalSection
EndGlobal
