
Microsoft Visual Studio Solution File, Format Version 12.00
# Visual Studio Version 17
VisualStudioVersion = 17.9.34728.123
MinimumVisualStudioVersion = 10.0.40219.1
Project("{FAE04EC0-301F-11D3-BF4B-00C04F79EFBC}") = "MementoDemo", "MementoDemo\MementoDemo.csproj", "{E7546C47-0650-44B4-9C26-175171AF3BB0}"
EndProject
Global
	GlobalSection(SolutionConfigurationPlatforms) = preSolution
		Debug|Any CPU = Debug|Any CPU
		Release|Any CPU = Release|Any CPU
	EndGlobalSection
	GlobalSection(ProjectConfigurationPlatforms) = postSolution
		{E7546C47-0650-44B4-9C26-175171AF3BB0}.Debug|Any CPU.ActiveCfg = Debug|Any CPU
		{E7546C47-0650-44B4-9C26-175171AF3BB0}.Debug|Any CPU.Build.0 = Debug|Any CPU
		{E7546C47-0650-44B4-9C26-175171AF3BB0}.Release|Any CPU.ActiveCfg = Release|Any CPU
		{E7546C47-0650-44B4-9C26-175171AF3BB0}.Release|Any CPU.Build.0 = Release|Any CPU
	EndGlobalSection
	GlobalSection(SolutionProperties) = preSolution
		HideSolutionNode = FALSE
	EndGlobalSection
	GlobalSection(ExtensibilityGlobals) = postSolution
		SolutionGuid = {8EBBA524-8796-4A10-9F20-AD4F550D1473}
	EndGlobalSection
EndGlobal
